
Microsoft Visual Studio Solution File, Format Version 12.00
# Visual Studio Version 17
VisualStudioVersion = 17.14.36105.17
MinimumVisualStudioVersion = 10.0.40219.1
Project("{FAE04EC0-301F-11D3-BF4B-00C04F79EFBC}") = "Ava.Ble", "Ava.Ble\Ava.Ble.csproj", "{BD705250-A4DE-4C3D-BA2B-53A0CB378D4F}"
EndProject
Project("{FAE04EC0-301F-11D3-BF4B-00C04F79EFBC}") = "Avalonia.Ble", "Avalonia.Ble\Avalonia.Ble.csproj", "{A9C1454B-2DC0-429D-9C6A-9F4ABE9FE7D8}"
EndProject
Global
	GlobalSection(SolutionConfigurationPlatforms) = preSolution
		Debug|Any CPU = Debug|Any CPU
		Release|Any CPU = Release|Any CPU
	EndGlobalSection
	GlobalSection(ProjectConfigurationPlatforms) = postSolution
		{BD705250-A4DE-4C3D-BA2B-53A0CB378D4F}.Debug|Any CPU.ActiveCfg = Debug|Any CPU
		{BD705250-A4DE-4C3D-BA2B-53A0CB378D4F}.Debug|Any CPU.Build.0 = Debug|Any CPU
		{BD705250-A4DE-4C3D-BA2B-53A0CB378D4F}.Release|Any CPU.ActiveCfg = Release|Any CPU
		{BD705250-A4DE-4C3D-BA2B-53A0CB378D4F}.Release|Any CPU.Build.0 = Release|Any CPU
		{A9C1454B-2DC0-429D-9C6A-9F4ABE9FE7D8}.Debug|Any CPU.ActiveCfg = Debug|Any CPU
		{A9C1454B-2DC0-429D-9C6A-9F4ABE9FE7D8}.Debug|Any CPU.Build.0 = Debug|Any CPU
		{A9C1454B-2DC0-429D-9C6A-9F4ABE9FE7D8}.Release|Any CPU.ActiveCfg = Release|Any CPU
		{A9C1454B-2DC0-429D-9C6A-9F4ABE9FE7D8}.Release|Any CPU.Build.0 = Release|Any CPU
	EndGlobalSection
	GlobalSection(SolutionProperties) = preSolution
		HideSolutionNode = FALSE
	EndGlobalSection
	GlobalSection(ExtensibilityGlobals) = postSolution
		SolutionGuid = {FFF754B8-108F-443B-95C6-E8F1B9721A9B}
	EndGlobalSection
EndGlobal
